
Microsoft Visual Studio Solution File, Format Version 12.00
# Visual Studio 15
VisualStudioVersion = 15.0.28307.1705
MinimumVisualStudioVersion = 10.0.40219.1
Project("{FAE04EC0-301F-11D3-BF4B-00C04F79EFBC}") = "ClientReservasi-20190140103", "ClientReservasi-20190140103\ClientReservasi-20190140103.csproj", "{381FF122-1720-49C7-B87A-80D3900ECB3C}"
EndProject
Global
	GlobalSection(SolutionConfigurationPlatforms) = preSolution
		Debug|Any CPU = Debug|Any CPU
		Release|Any CPU = Release|Any CPU
	EndGlobalSection
	GlobalSection(ProjectConfigurationPlatforms) = postSolution
		{381FF122-1720-49C7-B87A-80D3900ECB3C}.Debug|Any CPU.ActiveCfg = Debug|Any CPU
		{381FF122-1720-49C7-B87A-80D3900ECB3C}.Debug|Any CPU.Build.0 = Debug|Any CPU
		{381FF122-1720-49C7-B87A-80D3900ECB3C}.Release|Any CPU.ActiveCfg = Release|Any CPU
		{381FF122-1720-49C7-B87A-80D3900ECB3C}.Release|Any CPU.Build.0 = Release|Any CPU
	EndGlobalSection
	GlobalSection(SolutionProperties) = preSolution
		HideSolutionNode = FALSE
	EndGlobalSection
	GlobalSection(ExtensibilityGlobals) = postSolution
		SolutionGuid = {0EF45223-E204-4EDC-AD0D-4462E0947D63}
	EndGlobalSection
EndGlobal
